
Microsoft Visual Studio Solution File, Format Version 12.00
# Visual Studio Version 17
VisualStudioVersion = 17.1.32414.318
MinimumVisualStudioVersion = 10.0.40219.1
Project("{FAE04EC0-301F-11D3-BF4B-00C04F79EFBC}") = "FootBall", "FootBall.csproj", "{18E066A7-0BE4-47D7-A052-3175E19E0372}"
EndProject
Global
	GlobalSection(SolutionConfigurationPlatforms) = preSolution
		Debug|Any CPU = Debug|Any CPU
		Release|Any CPU = Release|Any CPU
	EndGlobalSection
	GlobalSection(ProjectConfigurationPlatforms) = postSolution
		{18E066A7-0BE4-47D7-A052-3175E19E0372}.Debug|Any CPU.ActiveCfg = Debug|Any CPU
		{18E066A7-0BE4-47D7-A052-3175E19E0372}.Debug|Any CPU.Build.0 = Debug|Any CPU
		{18E066A7-0BE4-47D7-A052-3175E19E0372}.Release|Any CPU.ActiveCfg = Release|Any CPU
		{18E066A7-0BE4-47D7-A052-3175E19E0372}.Release|Any CPU.Build.0 = Release|Any CPU
	EndGlobalSection
	GlobalSection(SolutionProperties) = preSolution
		HideSolutionNode = FALSE
	EndGlobalSection
	GlobalSection(ExtensibilityGlobals) = postSolution
		SolutionGuid = {529A8B36-8335-4667-9F5F-133BB0F857C9}
	EndGlobalSection
EndGlobal
